
Microsoft Visual Studio Solution File, Format Version 12.00
# Visual Studio Version 17
VisualStudioVersion = 17.9.34607.119
MinimumVisualStudioVersion = 10.0.40219.1
Project("{2150E333-8FDC-42A3-9474-1A3956D46DE8}") = "Services", "Services", "{672C6B25-CD60-4944-BEF5-CED73DE107DE}"
EndProject
Project("{2150E333-8FDC-42A3-9474-1A3956D46DE8}") = "Catalog", "Catalog", "{D62CE042-05F8-4E41-804A-2A5B9F1BE36E}"
EndProject
Project("{9A19103F-16F7-4668-BE54-9A1E7A4F7556}") = "Catalog.API", "Services\Catalog\Catalog.API\Catalog.API.csproj", "{D89DE529-14A5-493D-B492-680FE1CB61DD}"
EndProject
Project("{2150E333-8FDC-42A3-9474-1A3956D46DE8}") = "BuildingBlocks", "BuildingBlocks", "{EFC1AECA-5DD8-401C-A8B3-A9F868C301DF}"
EndProject
Project("{9A19103F-16F7-4668-BE54-9A1E7A4F7556}") = "BuildingBlocks", "BuildingBlocks\BuildingBlocks\BuildingBlocks.csproj", "{3E546A9E-2D9F-4B1A-8583-77A26DF4C7BF}"
EndProject
Project("{E53339B2-1760-4266-BCC7-CA923CBCF16C}") = "docker-compose", "docker-compose.dcproj", "{6DCBEC70-4866-4297-9AD0-73928CCFA987}"
EndProject
Project("{2150E333-8FDC-42A3-9474-1A3956D46DE8}") = "Basket", "Basket", "{BB02787F-F11F-4C18-A5D7-8D6653C70603}"
EndProject
Project("{9A19103F-16F7-4668-BE54-9A1E7A4F7556}") = "Basket.API", "Services\Basket\Basket.API\Basket.API.csproj", "{7402DEA9-1434-45C6-9128-1FD5199CD8A3}"
EndProject
Project("{2150E333-8FDC-42A3-9474-1A3956D46DE8}") = "Discount", "Discount", "{32470612-A347-45FC-84A3-A86AB6ADB7FA}"
EndProject
Project("{FAE04EC0-301F-11D3-BF4B-00C04F79EFBC}") = "Discount.Grpc", "Services\Discount\Discount.Grpc\Discount.Grpc.csproj", "{24ADE6CC-A6B4-473E-83D0-587E4CDA8B5A}"
EndProject
Global
	GlobalSection(SolutionConfigurationPlatforms) = preSolution
		Debug|Any CPU = Debug|Any CPU
		Release|Any CPU = Release|Any CPU
	EndGlobalSection
	GlobalSection(ProjectConfigurationPlatforms) = postSolution
		{D89DE529-14A5-493D-B492-680FE1CB61DD}.Debug|Any CPU.ActiveCfg = Debug|Any CPU
		{D89DE529-14A5-493D-B492-680FE1CB61DD}.Debug|Any CPU.Build.0 = Debug|Any CPU
		{D89DE529-14A5-493D-B492-680FE1CB61DD}.Release|Any CPU.ActiveCfg = Release|Any CPU
		{D89DE529-14A5-493D-B492-680FE1CB61DD}.Release|Any CPU.Build.0 = Release|Any CPU
		{3E546A9E-2D9F-4B1A-8583-77A26DF4C7BF}.Debug|Any CPU.ActiveCfg = Debug|Any CPU
		{3E546A9E-2D9F-4B1A-8583-77A26DF4C7BF}.Debug|Any CPU.Build.0 = Debug|Any CPU
		{3E546A9E-2D9F-4B1A-8583-77A26DF4C7BF}.Release|Any CPU.ActiveCfg = Release|Any CPU
		{3E546A9E-2D9F-4B1A-8583-77A26DF4C7BF}.Release|Any CPU.Build.0 = Release|Any CPU
		{6DCBEC70-4866-4297-9AD0-73928CCFA987}.Debug|Any CPU.ActiveCfg = Debug|Any CPU
		{6DCBEC70-4866-4297-9AD0-73928CCFA987}.Debug|Any CPU.Build.0 = Debug|Any CPU
		{6DCBEC70-4866-4297-9AD0-73928CCFA987}.Release|Any CPU.ActiveCfg = Release|Any CPU
		{6DCBEC70-4866-4297-9AD0-73928CCFA987}.Release|Any CPU.Build.0 = Release|Any CPU
		{7402DEA9-1434-45C6-9128-1FD5199CD8A3}.Debug|Any CPU.ActiveCfg = Debug|Any CPU
		{7402DEA9-1434-45C6-9128-1FD5199CD8A3}.Debug|Any CPU.Build.0 = Debug|Any CPU
		{7402DEA9-1434-45C6-9128-1FD5199CD8A3}.Release|Any CPU.ActiveCfg = Release|Any CPU
		{7402DEA9-1434-45C6-9128-1FD5199CD8A3}.Release|Any CPU.Build.0 = Release|Any CPU
		{24ADE6CC-A6B4-473E-83D0-587E4CDA8B5A}.Debug|Any CPU.ActiveCfg = Debug|Any CPU
		{24ADE6CC-A6B4-473E-83D0-587E4CDA8B5A}.Debug|Any CPU.Build.0 = Debug|Any CPU
		{24ADE6CC-A6B4-473E-83D0-587E4CDA8B5A}.Release|Any CPU.ActiveCfg = Release|Any CPU
		{24ADE6CC-A6B4-473E-83D0-587E4CDA8B5A}.Release|Any CPU.Build.0 = Release|Any CPU
	EndGlobalSection
	GlobalSection(SolutionProperties) = preSolution
		HideSolutionNode = FALSE
	EndGlobalSection
	GlobalSection(NestedProjects) = preSolution
		{D62CE042-05F8-4E41-804A-2A5B9F1BE36E} = {672C6B25-CD60-4944-BEF5-CED73DE107DE}
		{D89DE529-14A5-493D-B492-680FE1CB61DD} = {D62CE042-05F8-4E41-804A-2A5B9F1BE36E}
		{3E546A9E-2D9F-4B1A-8583-77A26DF4C7BF} = {EFC1AECA-5DD8-401C-A8B3-A9F868C301DF}
		{BB02787F-F11F-4C18-A5D7-8D6653C70603} = {672C6B25-CD60-4944-BEF5-CED73DE107DE}
		{7402DEA9-1434-45C6-9128-1FD5199CD8A3} = {BB02787F-F11F-4C18-A5D7-8D6653C70603}
		{32470612-A347-45FC-84A3-A86AB6ADB7FA} = {672C6B25-CD60-4944-BEF5-CED73DE107DE}
		{24ADE6CC-A6B4-473E-83D0-587E4CDA8B5A} = {32470612-A347-45FC-84A3-A86AB6ADB7FA}
	EndGlobalSection
	GlobalSection(ExtensibilityGlobals) = postSolution
		SolutionGuid = {F465A6A7-1AF8-4498-AA73-A9935116CAF5}
	EndGlobalSection
EndGlobal
